
Microsoft Visual Studio Solution File, Format Version 12.00
# Visual Studio 2013
VisualStudioVersion = 12.0.40629.0
MinimumVisualStudioVersion = 10.0.40219.1
Project("{FAE04EC0-301F-11D3-BF4B-00C04F79EFBC}") = "Wave.Searchability.Tests", "Wave.Searchability.Tests\Wave.Searchability.Tests.csproj", "{076E1A08-069A-4D30-BE92-9C785CB0A12E}"
EndProject
Project("{2150E333-8FDC-42A3-9474-1A3956D46DE8}") = "src", "src", "{F1E31E84-CE7B-4C10-9564-2746781C0B60}"
EndProject
Project("{FAE04EC0-301F-11D3-BF4B-00C04F79EFBC}") = "Wave.Searchability", "..\src\Wave.Searchability\Wave.Searchability.csproj", "{7154A184-E701-4B05-9DA6-6C0A8EC31604}"
EndProject
Global
	GlobalSection(SolutionConfigurationPlatforms) = preSolution
		Debug|Any CPU = Debug|Any CPU
		Release|Any CPU = Release|Any CPU
	EndGlobalSection
	GlobalSection(ProjectConfigurationPlatforms) = postSolution
		{076E1A08-069A-4D30-BE92-9C785CB0A12E}.Debug|Any CPU.ActiveCfg = Debug|Any CPU
		{076E1A08-069A-4D30-BE92-9C785CB0A12E}.Debug|Any CPU.Build.0 = Debug|Any CPU
		{076E1A08-069A-4D30-BE92-9C785CB0A12E}.Release|Any CPU.ActiveCfg = Release|Any CPU
		{076E1A08-069A-4D30-BE92-9C785CB0A12E}.Release|Any CPU.Build.0 = Release|Any CPU
		{7154A184-E701-4B05-9DA6-6C0A8EC31604}.Debug|Any CPU.ActiveCfg = Debug|Any CPU
		{7154A184-E701-4B05-9DA6-6C0A8EC31604}.Debug|Any CPU.Build.0 = Debug|Any CPU
		{7154A184-E701-4B05-9DA6-6C0A8EC31604}.Release|Any CPU.ActiveCfg = Release|Any CPU
		{7154A184-E701-4B05-9DA6-6C0A8EC31604}.Release|Any CPU.Build.0 = Release|Any CPU
	EndGlobalSection
	GlobalSection(SolutionProperties) = preSolution
		HideSolutionNode = FALSE
	EndGlobalSection
	GlobalSection(NestedProjects) = preSolution
		{7154A184-E701-4B05-9DA6-6C0A8EC31604} = {F1E31E84-CE7B-4C10-9564-2746781C0B60}
	EndGlobalSection
EndGlobal
