
Microsoft Visual Studio Solution File, Format Version 11.00
# Visual Studio 2012
VisualStudioVersion = 12.0.40629.0
MinimumVisualStudioVersion = 10.0.40219.1
Project("{FAE04EC0-301F-11D3-BF4B-00C04F79EFBC}") = "Wave.Samples.Licenses", "Wave.Samples.Licenses\Wave.Samples.Licenses.csproj", "{94B8BF32-1D57-49B4-9AF8-33DB072107A2}"
EndProject
Project("{FAE04EC0-301F-11D3-BF4B-00C04F79EFBC}") = "Wave.Samples.ConnectionFiles", "Wave.Samples.ConnectionFiles\Wave.Samples.ConnectionFiles.csproj", "{2C93A387-8DC2-4134-9A1F-9B83EA566ECB}"
EndProject
Project("{FAE04EC0-301F-11D3-BF4B-00C04F79EFBC}") = "Wave.Samples.AUs", "Wave.Samples.AUs\Wave.Samples.AUs.csproj", "{BE101B1F-8693-491B-A660-477F2B7D6657}"
EndProject
Global
	GlobalSection(SolutionConfigurationPlatforms) = preSolution
		Debug|Any CPU = Debug|Any CPU
		Release|Any CPU = Release|Any CPU
	EndGlobalSection
	GlobalSection(ProjectConfigurationPlatforms) = postSolution
		{94B8BF32-1D57-49B4-9AF8-33DB072107A2}.Debug|Any CPU.ActiveCfg = Debug|x86
		{94B8BF32-1D57-49B4-9AF8-33DB072107A2}.Debug|Any CPU.Build.0 = Debug|x86
		{94B8BF32-1D57-49B4-9AF8-33DB072107A2}.Release|Any CPU.ActiveCfg = Release|Any CPU
		{94B8BF32-1D57-49B4-9AF8-33DB072107A2}.Release|Any CPU.Build.0 = Release|Any CPU
		{2C93A387-8DC2-4134-9A1F-9B83EA566ECB}.Debug|Any CPU.ActiveCfg = Debug|Any CPU
		{2C93A387-8DC2-4134-9A1F-9B83EA566ECB}.Debug|Any CPU.Build.0 = Debug|Any CPU
		{2C93A387-8DC2-4134-9A1F-9B83EA566ECB}.Release|Any CPU.ActiveCfg = Release|Any CPU
		{2C93A387-8DC2-4134-9A1F-9B83EA566ECB}.Release|Any CPU.Build.0 = Release|Any CPU
		{BE101B1F-8693-491B-A660-477F2B7D6657}.Debug|Any CPU.ActiveCfg = Debug|Any CPU
		{BE101B1F-8693-491B-A660-477F2B7D6657}.Debug|Any CPU.Build.0 = Debug|Any CPU
		{BE101B1F-8693-491B-A660-477F2B7D6657}.Release|Any CPU.ActiveCfg = Release|Any CPU
		{BE101B1F-8693-491B-A660-477F2B7D6657}.Release|Any CPU.Build.0 = Release|Any CPU
	EndGlobalSection
	GlobalSection(SolutionProperties) = preSolution
		HideSolutionNode = FALSE
	EndGlobalSection
EndGlobal
