
Microsoft Visual Studio Solution File, Format Version 12.00
# Visual Studio 2013
VisualStudioVersion = 12.0.30723.0
MinimumVisualStudioVersion = 10.0.40219.1
Project("{FAE04EC0-301F-11D3-BF4B-00C04F79EFBC}") = "Wave.Samples.Extensions.Miner", "Wave.Samples.Extensions.Miner\Wave.Samples.Extensions.Miner.csproj", "{DCFC4106-8ECF-44DD-8EF4-8BBC96847A79}"
EndProject
Project("{FAE04EC0-301F-11D3-BF4B-00C04F79EFBC}") = "Wave.Samples.Extensions.Esri", "Wave.Samples.Extensions.Esri\Wave.Samples.Extensions.Esri.csproj", "{73000C5A-D0B7-4F70-BDC1-65100CE0701E}"
EndProject
Global
	GlobalSection(SolutionConfigurationPlatforms) = preSolution
		Debug|Any CPU = Debug|Any CPU
		Release|Any CPU = Release|Any CPU
	EndGlobalSection
	GlobalSection(ProjectConfigurationPlatforms) = postSolution
		{DCFC4106-8ECF-44DD-8EF4-8BBC96847A79}.Debug|Any CPU.ActiveCfg = Debug|Any CPU
		{DCFC4106-8ECF-44DD-8EF4-8BBC96847A79}.Debug|Any CPU.Build.0 = Debug|Any CPU
		{DCFC4106-8ECF-44DD-8EF4-8BBC96847A79}.Release|Any CPU.ActiveCfg = Release|Any CPU
		{DCFC4106-8ECF-44DD-8EF4-8BBC96847A79}.Release|Any CPU.Build.0 = Release|Any CPU
		{73000C5A-D0B7-4F70-BDC1-65100CE0701E}.Debug|Any CPU.ActiveCfg = Debug|Any CPU
		{73000C5A-D0B7-4F70-BDC1-65100CE0701E}.Debug|Any CPU.Build.0 = Debug|Any CPU
		{73000C5A-D0B7-4F70-BDC1-65100CE0701E}.Release|Any CPU.ActiveCfg = Release|Any CPU
		{73000C5A-D0B7-4F70-BDC1-65100CE0701E}.Release|Any CPU.Build.0 = Release|Any CPU
	EndGlobalSection
	GlobalSection(SolutionProperties) = preSolution
		HideSolutionNode = FALSE
	EndGlobalSection
EndGlobal
